// !$*UTF8*$!
{
	archiveVersion = 1;
	classes = {
	};
	objectVersion = 50;
	objects = {

/* Begin PBXBuildFile section */
		1D0F7C2D25FAFE1B008012D9 /* LEDArrayView.swift in Sources */ = {isa = PBXBuildFile; fileRef = 1D0F7C2C25FAFE1B008012D9 /* LEDArrayView.swift */; };
		1D0F7C3725FC6258008012D9 /* Server.swift in Sources */ = {isa = PBXBuildFile; fileRef = 1D0F7C3625FC6258008012D9 /* Server.swift */; };
		1D585EC625F1178C0056886F /* AppDelegate.swift in Sources */ = {isa = PBXBuildFile; fileRef = 1D585EC525F1178C0056886F /* AppDelegate.swift */; };
		1D585EC825F1178C0056886F /* SceneDelegate.swift in Sources */ = {isa = PBXBuildFile; fileRef = 1D585EC725F1178C0056886F /* SceneDelegate.swift */; };
		1D585ECA25F1178C0056886F /* ViewController.swift in Sources */ = {isa = PBXBuildFile; fileRef = 1D585EC925F1178C0056886F /* ViewController.swift */; };
		1D585ECD25F1178C0056886F /* Main.storyboard in Resources */ = {isa = PBXBuildFile; fileRef = 1D585ECB25F1178C0056886F /* Main.storyboard */; };
		1D585ECF25F1178D0056886F /* Assets.xcassets in Resources */ = {isa = PBXBuildFile; fileRef = 1D585ECE25F1178D0056886F /* Assets.xcassets */; };
		1D585ED225F1178D0056886F /* LaunchScreen.storyboard in Resources */ = {isa = PBXBuildFile; fileRef = 1D585ED025F1178D0056886F /* LaunchScreen.storyboard */; };
		1D585EE025F118320056886F /* MatrixConverter.swift in Sources */ = {isa = PBXBuildFile; fileRef = 1D585EDF25F118320056886F /* MatrixConverter.swift */; };
/* End PBXBuildFile section */

/* Begin PBXFileReference section */
		1D0F7C2C25FAFE1B008012D9 /* LEDArrayView.swift */ = {isa = PBXFileReference; lastKnownFileType = sourcecode.swift; path = LEDArrayView.swift; sourceTree = "<group>"; };
		1D0F7C3625FC6258008012D9 /* Server.swift */ = {isa = PBXFileReference; lastKnownFileType = sourcecode.swift; path = Server.swift; sourceTree = "<group>"; };
		1D585EC225F1178C0056886F /* FilaLED-Controller.app */ = {isa = PBXFileReference; explicitFileType = wrapper.application; includeInIndex = 0; path = "FilaLED-Controller.app"; sourceTree = BUILT_PRODUCTS_DIR; };
		1D585EC525F1178C0056886F /* AppDelegate.swift */ = {isa = PBXFileReference; lastKnownFileType = sourcecode.swift; path = AppDelegate.swift; sourceTree = "<group>"; };
		1D585EC725F1178C0056886F /* SceneDelegate.swift */ = {isa = PBXFileReference; lastKnownFileType = sourcecode.swift; path = SceneDelegate.swift; sourceTree = "<group>"; };
		1D585EC925F1178C0056886F /* ViewController.swift */ = {isa = PBXFileReference; lastKnownFileType = sourcecode.swift; path = ViewController.swift; sourceTree = "<group>"; };
		1D585ECC25F1178C0056886F /* Base */ = {isa = PBXFileReference; lastKnownFileType = file.storyboard; name = Base; path = Base.lproj/Main.storyboard; sourceTree = "<group>"; };
		1D585ECE25F1178D0056886F /* Assets.xcassets */ = {isa = PBXFileReference; lastKnownFileType = folder.assetcatalog; path = Assets.xcassets; sourceTree = "<group>"; };
		1D585ED125F1178D0056886F /* Base */ = {isa = PBXFileReference; lastKnownFileType = file.storyboard; name = Base; path = Base.lproj/LaunchScreen.storyboard; sourceTree = "<group>"; };
		1D585ED325F1178D0056886F /* Info.plist */ = {isa = PBXFileReference; lastKnownFileType = text.plist.xml; path = Info.plist; sourceTree = "<group>"; };
		1D585EDF25F118320056886F /* MatrixConverter.swift */ = {isa = PBXFileReference; lastKnownFileType = sourcecode.swift; path = MatrixConverter.swift; sourceTree = "<group>"; };
/* End PBXFileReference section */

/* Begin PBXFrameworksBuildPhase section */
		1D585EBF25F1178C0056886F /* Frameworks */ = {
			isa = PBXFrameworksBuildPhase;
			buildActionMask = 2147483647;
			files = (
			);
			runOnlyForDeploymentPostprocessing = 0;
		};
/* End PBXFrameworksBuildPhase section */

/* Begin PBXGroup section */
		1D0F7C2B25FAFDEC008012D9 /* Views */ = {
			isa = PBXGroup;
			children = (
				1D0F7C2C25FAFE1B008012D9 /* LEDArrayView.swift */,
			);
			path = Views;
			sourceTree = "<group>";
		};
		1D585EB925F1178C0056886F = {
			isa = PBXGroup;
			children = (
				1D585EC425F1178C0056886F /* FilaLED-Controller */,
				1D585EC325F1178C0056886F /* Products */,
			);
			sourceTree = "<group>";
		};
		1D585EC325F1178C0056886F /* Products */ = {
			isa = PBXGroup;
			children = (
				1D585EC225F1178C0056886F /* FilaLED-Controller.app */,
			);
			name = Products;
			sourceTree = "<group>";
		};
		1D585EC425F1178C0056886F /* FilaLED-Controller */ = {
			isa = PBXGroup;
			children = (
				1D585EDB25F117BC0056886F /* Application */,
				1D585EDC25F117E10056886F /* Resources */,
				1D585EDD25F117EF0056886F /* ViewControllers */,
				1D0F7C2B25FAFDEC008012D9 /* Views */,
				1D585EDE25F118090056886F /* Models */,
			);
			path = "FilaLED-Controller";
			sourceTree = "<group>";
		};
		1D585EDB25F117BC0056886F /* Application */ = {
			isa = PBXGroup;
			children = (
				1D585EC525F1178C0056886F /* AppDelegate.swift */,
				1D585EC725F1178C0056886F /* SceneDelegate.swift */,
				1D585ED325F1178D0056886F /* Info.plist */,
			);
			path = Application;
			sourceTree = "<group>";
		};
		1D585EDC25F117E10056886F /* Resources */ = {
			isa = PBXGroup;
			children = (
				1D585ECE25F1178D0056886F /* Assets.xcassets */,
			);
			path = Resources;
			sourceTree = "<group>";
		};
		1D585EDD25F117EF0056886F /* ViewControllers */ = {
			isa = PBXGroup;
			children = (
				1D585ED025F1178D0056886F /* LaunchScreen.storyboard */,
				1D585ECB25F1178C0056886F /* Main.storyboard */,
				1D585EC925F1178C0056886F /* ViewController.swift */,
			);
			path = ViewControllers;
			sourceTree = "<group>";
		};
		1D585EDE25F118090056886F /* Models */ = {
			isa = PBXGroup;
			children = (
				1D585EDF25F118320056886F /* MatrixConverter.swift */,
				1D0F7C3625FC6258008012D9 /* Server.swift */,
			);
			path = Models;
			sourceTree = "<group>";
		};
/* End PBXGroup section */

/* Begin PBXNativeTarget section */
		1D585EC125F1178C0056886F /* FilaLED-Controller */ = {
			isa = PBXNativeTarget;
			buildConfigurationList = 1D585ED625F1178D0056886F /* Build configuration list for PBXNativeTarget "FilaLED-Controller" */;
			buildPhases = (
				1D585EBE25F1178C0056886F /* Sources */,
				1D585EBF25F1178C0056886F /* Frameworks */,
				1D585EC025F1178C0056886F /* Resources */,
			);
			buildRules = (
			);
			dependencies = (
			);
			name = "FilaLED-Controller";
			productName = "FilaLED-Controller";
			productReference = 1D585EC225F1178C0056886F /* FilaLED-Controller.app */;
			productType = "com.apple.product-type.application";
		};
/* End PBXNativeTarget section */

/* Begin PBXProject section */
		1D585EBA25F1178C0056886F /* Project object */ = {
			isa = PBXProject;
			attributes = {
				LastSwiftUpdateCheck = 1240;
				LastUpgradeCheck = 1240;
				TargetAttributes = {
					1D585EC125F1178C0056886F = {
						CreatedOnToolsVersion = 12.4;
					};
				};
			};
			buildConfigurationList = 1D585EBD25F1178C0056886F /* Build configuration list for PBXProject "FilaLED-Controller" */;
			compatibilityVersion = "Xcode 9.3";
			developmentRegion = en;
			hasScannedForEncodings = 0;
			knownRegions = (
				en,
				Base,
			);
			mainGroup = 1D585EB925F1178C0056886F;
			productRefGroup = 1D585EC325F1178C0056886F /* Products */;
			projectDirPath = "";
			projectRoot = "";
			targets = (
				1D585EC125F1178C0056886F /* FilaLED-Controller */,
			);
		};
/* End PBXProject section */

/* Begin PBXResourcesBuildPhase section */
		1D585EC025F1178C0056886F /* Resources */ = {
			isa = PBXResourcesBuildPhase;
			buildActionMask = 2147483647;
			files = (
				1D585ED225F1178D0056886F /* LaunchScreen.storyboard in Resources */,
				1D585ECF25F1178D0056886F /* Assets.xcassets in Resources */,
				1D585ECD25F1178C0056886F /* Main.storyboard in Resources */,
			);
			runOnlyForDeploymentPostprocessing = 0;
		};
/* End PBXResourcesBuildPhase section */

/* Begin PBXSourcesBuildPhase section */
		1D585EBE25F1178C0056886F /* Sources */ = {
			isa = PBXSourcesBuildPhase;
			buildActionMask = 2147483647;
			files = (
				1D585ECA25F1178C0056886F /* ViewController.swift in Sources */,
				1D585EE025F118320056886F /* MatrixConverter.swift in Sources */,
				1D585EC625F1178C0056886F /* AppDelegate.swift in Sources */,
				1D585EC825F1178C0056886F /* SceneDelegate.swift in Sources */,
				1D0F7C3725FC6258008012D9 /* Server.swift in Sources */,
				1D0F7C2D25FAFE1B008012D9 /* LEDArrayView.swift in Sources */,
			);
			runOnlyForDeploymentPostprocessing = 0;
		};
/* End PBXSourcesBuildPhase section */

/* Begin PBXVariantGroup section */
		1D585ECB25F1178C0056886F /* Main.storyboard */ = {
			isa = PBXVariantGroup;
			children = (
				1D585ECC25F1178C0056886F /* Base */,
			);
			name = Main.storyboard;
			sourceTree = "<group>";
		};
		1D585ED025F1178D0056886F /* LaunchScreen.storyboard */ = {
			isa = PBXVariantGroup;
			children = (
				1D585ED125F1178D0056886F /* Base */,
			);
			name = LaunchScreen.storyboard;
			sourceTree = "<group>";
		};
/* End PBXVariantGroup section */

/* Begin XCBuildConfiguration section */
		1D585ED425F1178D0056886F /* Debug */ = {
			isa = XCBuildConfiguration;
			buildSettings = {
				ALWAYS_SEARCH_USER_PATHS = NO;
				CLANG_ANALYZER_NONNULL = YES;
				CLANG_ANALYZER_NUMBER_OBJECT_CONVERSION = YES_AGGRESSIVE;
				CLANG_CXX_LANGUAGE_STANDARD = "gnu++14";
				CLANG_CXX_LIBRARY = "libc++";
				CLANG_ENABLE_MODULES = YES;
				CLANG_ENABLE_OBJC_ARC = YES;
				CLANG_ENABLE_OBJC_WEAK = YES;
				CLANG_WARN_BLOCK_CAPTURE_AUTORELEASING = YES;
				CLANG_WARN_BOOL_CONVERSION = YES;
				CLANG_WARN_COMMA = YES;
				CLANG_WARN_CONSTANT_CONVERSION = YES;
				CLANG_WARN_DEPRECATED_OBJC_IMPLEMENTATIONS = YES;
				CLANG_WARN_DIRECT_OBJC_ISA_USAGE = YES_ERROR;
				CLANG_WARN_DOCUMENTATION_COMMENTS = YES;
				CLANG_WARN_EMPTY_BODY = YES;
				CLANG_WARN_ENUM_CONVERSION = YES;
				CLANG_WARN_INFINITE_RECURSION = YES;
				CLANG_WARN_INT_CONVERSION = YES;
				CLANG_WARN_NON_LITERAL_NULL_CONVERSION = YES;
				CLANG_WARN_OBJC_IMPLICIT_RETAIN_SELF = YES;
				CLANG_WARN_OBJC_LITERAL_CONVERSION = YES;
				CLANG_WARN_OBJC_ROOT_CLASS = YES_ERROR;
				CLANG_WARN_QUOTED_INCLUDE_IN_FRAMEWORK_HEADER = YES;
				CLANG_WARN_RANGE_LOOP_ANALYSIS = YES;
				CLANG_WARN_STRICT_PROTOTYPES = YES;
				CLANG_WARN_SUSPICIOUS_MOVE = YES;
				CLANG_WARN_UNGUARDED_AVAILABILITY = YES_AGGRESSIVE;
				CLANG_WARN_UNREACHABLE_CODE = YES;
				CLANG_WARN__DUPLICATE_METHOD_MATCH = YES;
				COPY_PHASE_STRIP = NO;
				DEBUG_INFORMATION_FORMAT = dwarf;
				ENABLE_STRICT_OBJC_MSGSEND = YES;
				ENABLE_TESTABILITY = YES;
				GCC_C_LANGUAGE_STANDARD = gnu11;
				GCC_DYNAMIC_NO_PIC = NO;
				GCC_NO_COMMON_BLOCKS = YES;
				GCC_OPTIMIZATION_LEVEL = 0;
				GCC_PREPROCESSOR_DEFINITIONS = (
					"DEBUG=1",
					"$(inherited)",
				);
				GCC_WARN_64_TO_32_BIT_CONVERSION = YES;
				GCC_WARN_ABOUT_RETURN_TYPE = YES_ERROR;
				GCC_WARN_UNDECLARED_SELECTOR = YES;
				GCC_WARN_UNINITIALIZED_AUTOS = YES_AGGRESSIVE;
				GCC_WARN_UNUSED_FUNCTION = YES;
				GCC_WARN_UNUSED_VARIABLE = YES;
				IPHONEOS_DEPLOYMENT_TARGET = 14.4;
				MTL_ENABLE_DEBUG_INFO = INCLUDE_SOURCE;
				MTL_FAST_MATH = YES;
				ONLY_ACTIVE_ARCH = YES;
				SDKROOT = iphoneos;
				SWIFT_ACTIVE_COMPILATION_CONDITIONS = DEBUG;
				SWIFT_OPTIMIZATION_LEVEL = "-Onone";
			};
			name = Debug;
		};
		1D585ED525F1178D0056886F /* Release */ = {
			isa = XCBuildConfiguration;
			buildSettings = {
				ALWAYS_SEARCH_USER_PATHS = NO;
				CLANG_ANALYZER_NONNULL = YES;
				CLANG_ANALYZER_NUMBER_OBJECT_CONVERSION = YES_AGGRESSIVE;
				CLANG_CXX_LANGUAGE_STANDARD = "gnu++14";
				CLANG_CXX_LIBRARY = "libc++";
				CLANG_ENABLE_MODULES = YES;
				CLANG_ENABLE_OBJC_ARC = YES;
				CLANG_ENABLE_OBJC_WEAK = YES;
				CLANG_WARN_BLOCK_CAPTURE_AUTORELEASING = YES;
				CLANG_WARN_BOOL_CONVERSION = YES;
				CLANG_WARN_COMMA = YES;
				CLANG_WARN_CONSTANT_CONVERSION = YES;
				CLANG_WARN_DEPRECATED_OBJC_IMPLEMENTATIONS = YES;
				CLANG_WARN_DIRECT_OBJC_ISA_USAGE = YES_ERROR;
				CLANG_WARN_DOCUMENTATION_COMMENTS = YES;
				CLANG_WARN_EMPTY_BODY = YES;
				CLANG_WARN_ENUM_CONVERSION = YES;
				CLANG_WARN_INFINITE_RECURSION = YES;
				CLANG_WARN_INT_CONVERSION = YES;
				CLANG_WARN_NON_LITERAL_NULL_CONVERSION = YES;
				CLANG_WARN_OBJC_IMPLICIT_RETAIN_SELF = YES;
				CLANG_WARN_OBJC_LITERAL_CONVERSION = YES;
				CLANG_WARN_OBJC_ROOT_CLASS = YES_ERROR;
				CLANG_WARN_QUOTED_INCLUDE_IN_FRAMEWORK_HEADER = YES;
				CLANG_WARN_RANGE_LOOP_ANALYSIS = YES;
				CLANG_WARN_STRICT_PROTOTYPES = YES;
				CLANG_WARN_SUSPICIOUS_MOVE = YES;
				CLANG_WARN_UNGUARDED_AVAILABILITY = YES_AGGRESSIVE;
				CLANG_WARN_UNREACHABLE_CODE = YES;
				CLANG_WARN__DUPLICATE_METHOD_MATCH = YES;
				COPY_PHASE_STRIP = NO;
				DEBUG_INFORMATION_FORMAT = "dwarf-with-dsym";
				ENABLE_NS_ASSERTIONS = NO;
				ENABLE_STRICT_OBJC_MSGSEND = YES;
				GCC_C_LANGUAGE_STANDARD = gnu11;
				GCC_NO_COMMON_BLOCKS = YES;
				GCC_WARN_64_TO_32_BIT_CONVERSION = YES;
				GCC_WARN_ABOUT_RETURN_TYPE = YES_ERROR;
				GCC_WARN_UNDECLARED_SELECTOR = YES;
				GCC_WARN_UNINITIALIZED_AUTOS = YES_AGGRESSIVE;
				GCC_WARN_UNUSED_FUNCTION = YES;
				GCC_WARN_UNUSED_VARIABLE = YES;
				IPHONEOS_DEPLOYMENT_TARGET = 14.4;
				MTL_ENABLE_DEBUG_INFO = NO;
				MTL_FAST_MATH = YES;
				SDKROOT = iphoneos;
				SWIFT_COMPILATION_MODE = wholemodule;
				SWIFT_OPTIMIZATION_LEVEL = "-O";
				VALIDATE_PRODUCT = YES;
			};
			name = Release;
		};
		1D585ED725F1178D0056886F /* Debug */ = {
			isa = XCBuildConfiguration;
			buildSettings = {
				ASSETCATALOG_COMPILER_APPICON_NAME = AppIcon;
				ASSETCATALOG_COMPILER_GLOBAL_ACCENT_COLOR_NAME = AccentColor;
				CODE_SIGN_STYLE = Automatic;
				CURRENT_PROJECT_VERSION = 2;
				DEVELOPMENT_TEAM = JS2ME2LTBF;
				INFOPLIST_FILE = "$(SRCROOT)/FilaLED-Controller/Application/Info.plist";
				IPHONEOS_DEPLOYMENT_TARGET = 13.0;
				LD_RUNPATH_SEARCH_PATHS = (
					"$(inherited)",
					"@executable_path/Frameworks",
				);
				MARKETING_VERSION = 0.1.0;
				PRODUCT_BUNDLE_IDENTIFIER = "com.wyw.FilaLED-Controller";
				PRODUCT_NAME = "$(TARGET_NAME)";
				SWIFT_VERSION = 5.0;
				TARGETED_DEVICE_FAMILY = "1,2";
			};
			name = Debug;
		};
		1D585ED825F1178D0056886F /* Release */ = {
			isa = XCBuildConfiguration;
			buildSettings = {
				ASSETCATALOG_COMPILER_APPICON_NAME = AppIcon;
				ASSETCATALOG_COMPILER_GLOBAL_ACCENT_COLOR_NAME = AccentColor;
				CODE_SIGN_STYLE = Automatic;
				CURRENT_PROJECT_VERSION = 2;
				DEVELOPMENT_TEAM = JS2ME2LTBF;
				INFOPLIST_FILE = "$(SRCROOT)/FilaLED-Controller/Application/Info.plist";
				IPHONEOS_DEPLOYMENT_TARGET = 13.0;
				LD_RUNPATH_SEARCH_PATHS = (
					"$(inherited)",
					"@executable_path/Frameworks",
				);
				MARKETING_VERSION = 0.1.0;
				PRODUCT_BUNDLE_IDENTIFIER = "com.wyw.FilaLED-Controller";
				PRODUCT_NAME = "$(TARGET_NAME)";
				SWIFT_VERSION = 5.0;
				TARGETED_DEVICE_FAMILY = "1,2";
			};
			name = Release;
		};
/* End XCBuildConfiguration section */

/* Begin XCConfigurationList section */
		1D585EBD25F1178C0056886F /* Build configuration list for PBXProject "FilaLED-Controller" */ = {
			isa = XCConfigurationList;
			buildConfigurations = (
				1D585ED425F1178D0056886F /* Debug */,
				1D585ED525F1178D0056886F /* Release */,
			);
			defaultConfigurationIsVisible = 0;
			defaultConfigurationName = Release;
		};
		1D585ED625F1178D0056886F /* Build configuration list for PBXNativeTarget "FilaLED-Controller" */ = {
			isa = XCConfigurationList;
			buildConfigurations = (
				1D585ED725F1178D0056886F /* Debug */,
				1D585ED825F1178D0056886F /* Release */,
			);
			defaultConfigurationIsVisible = 0;
			defaultConfigurationName = Release;
		};
/* End XCConfigurationList section */
	};
	rootObject = 1D585EBA25F1178C0056886F /* Project object */;
}
